Microsoft Visual Studio Solution File, Format Version 12.00
# Visual Studio 2012
Project("{8BC9CEB8-8B4A-11D0-8D11-00A0C91BC942}") = "hearthstone-world", "VC110\hearthstone-world.vcxproj", "{1DC6C4DA-A028-41F3-877D-D5400C594F88}"
EndProject
Project("{8BC9CEB8-8B4A-11D0-8D11-00A0C91BC942}") = "hearthstone-shared", "VC110\hearthstone-shared.vcxproj", "{90297C34-F231-4DF4-848E-A74BCC0E40ED}"
EndProject
Project("{8BC9CEB8-8B4A-11D0-8D11-00A0C91BC942}") = "hearthstone-logonserver", "VC110\hearthstone-logonserver.vcxproj", "{6E15F06D-5546-474D-BB42-39848DEF77E0}"
EndProject
Project("{8BC9CEB8-8B4A-11D0-8D11-00A0C91BC942}") = "Lacrimi", "..\src\Lacrimi\Win\VC110\Lacrimi.vcxproj", "{EE39B48B-C598-4AAF-9EF0-199402933EE5}"
EndProject
Project("{8BC9CEB8-8B4A-11D0-8D11-00A0C91BC942}") = "detour", "..\dependencies\SRC\win\VC110-detour.vcxproj", "{91AA6D21-AC88-4937-9A54-37B30C2C720A}"
EndProject
Project("{8BC9CEB8-8B4A-11D0-8D11-00A0C91BC942}") = "g3dlite", "..\dependencies\SRC\win\VC110-g3dlite.vcxproj", "{398253D6-B2D3-4D4B-B912-1CE61CA412B0}"
EndProject
Project("{8BC9CEB8-8B4A-11D0-8D11-00A0C91BC942}") = "pcre", "..\dependencies\SRC\win\VC110-pcre.vcxproj", "{311F016D-F785-47EF-B032-5350397F16B6}"
EndProject
Project("{8BC9CEB8-8B4A-11D0-8D11-00A0C91BC942}") = "recast", "..\dependencies\SRC\win\VC110-recast.vcxproj", "{C8264691-AFEC-4D27-9E3E-E9DA3D173B73}"
EndProject
Project("{8BC9CEB8-8B4A-11D0-8D11-00A0C91BC942}") = "zlib", "..\dependencies\SRC\win\VC110-zlib.vcxproj", "{8F1DEA42-6A5B-4B62-839D-C141A7BFACF2}"
EndProject
Project("{2150E333-8FDC-42A3-9474-1A3956D46DE8}") = "Dependencies", "Dependencies", "{84A6A410-2865-4459-B230-5EDB39F6C0BF}"
EndProject
Global
	GlobalSection(SolutionConfigurationPlatforms) = preSolution
		Debug|Win32 = Debug|Win32
		Debug|x64 = Debug|x64
		Release|Win32 = Release|Win32
		Release|x64 = Release|x64
	EndGlobalSection
	GlobalSection(ProjectConfigurationPlatforms) = postSolution
		{1DC6C4DA-A028-41F3-877D-D5400C594F88}.Debug|Win32.ActiveCfg = Debug|Win32
		{1DC6C4DA-A028-41F3-877D-D5400C594F88}.Debug|Win32.Build.0 = Debug|Win32
		{1DC6C4DA-A028-41F3-877D-D5400C594F88}.Debug|x64.ActiveCfg = Debug|x64
		{1DC6C4DA-A028-41F3-877D-D5400C594F88}.Debug|x64.Build.0 = Debug|x64
		{1DC6C4DA-A028-41F3-877D-D5400C594F88}.Release|Win32.ActiveCfg = Release|Win32
		{1DC6C4DA-A028-41F3-877D-D5400C594F88}.Release|Win32.Build.0 = Release|Win32
		{1DC6C4DA-A028-41F3-877D-D5400C594F88}.Release|x64.ActiveCfg = Release|x64
		{1DC6C4DA-A028-41F3-877D-D5400C594F88}.Release|x64.Build.0 = Release|x64
		{90297C34-F231-4DF4-848E-A74BCC0E40ED}.Debug|Win32.ActiveCfg = Debug|Win32
		{90297C34-F231-4DF4-848E-A74BCC0E40ED}.Debug|Win32.Build.0 = Debug|Win32
		{90297C34-F231-4DF4-848E-A74BCC0E40ED}.Debug|x64.ActiveCfg = Debug|x64
		{90297C34-F231-4DF4-848E-A74BCC0E40ED}.Debug|x64.Build.0 = Debug|x64
		{90297C34-F231-4DF4-848E-A74BCC0E40ED}.Release|Win32.ActiveCfg = Release|Win32
		{90297C34-F231-4DF4-848E-A74BCC0E40ED}.Release|Win32.Build.0 = Release|Win32
		{90297C34-F231-4DF4-848E-A74BCC0E40ED}.Release|x64.ActiveCfg = Release|x64
		{90297C34-F231-4DF4-848E-A74BCC0E40ED}.Release|x64.Build.0 = Release|x64
		{6E15F06D-5546-474D-BB42-39848DEF77E0}.Debug|Win32.ActiveCfg = Debug|Win32
		{6E15F06D-5546-474D-BB42-39848DEF77E0}.Debug|x64.ActiveCfg = Debug|x64
		{6E15F06D-5546-474D-BB42-39848DEF77E0}.Release|Win32.ActiveCfg = Release|Win32
		{6E15F06D-5546-474D-BB42-39848DEF77E0}.Release|Win32.Build.0 = Release|Win32
		{6E15F06D-5546-474D-BB42-39848DEF77E0}.Release|x64.ActiveCfg = Release|x64
		{6E15F06D-5546-474D-BB42-39848DEF77E0}.Release|x64.Build.0 = Release|x64
		{EE39B48B-C598-4AAF-9EF0-199402933EE5}.Debug|Win32.ActiveCfg = Debug|Win32
		{EE39B48B-C598-4AAF-9EF0-199402933EE5}.Debug|Win32.Build.0 = Debug|Win32
		{EE39B48B-C598-4AAF-9EF0-199402933EE5}.Debug|x64.ActiveCfg = Debug|x64
		{EE39B48B-C598-4AAF-9EF0-199402933EE5}.Debug|x64.Build.0 = Debug|x64
		{EE39B48B-C598-4AAF-9EF0-199402933EE5}.Release|Win32.ActiveCfg = Release|Win32
		{EE39B48B-C598-4AAF-9EF0-199402933EE5}.Release|Win32.Build.0 = Release|Win32
		{EE39B48B-C598-4AAF-9EF0-199402933EE5}.Release|x64.ActiveCfg = Release|x64
		{EE39B48B-C598-4AAF-9EF0-199402933EE5}.Release|x64.Build.0 = Release|x64
		{91AA6D21-AC88-4937-9A54-37B30C2C720A}.Debug|Win32.ActiveCfg = Debug|Win32
		{91AA6D21-AC88-4937-9A54-37B30C2C720A}.Debug|Win32.Build.0 = Debug|Win32
		{91AA6D21-AC88-4937-9A54-37B30C2C720A}.Debug|x64.ActiveCfg = Debug|x64
		{91AA6D21-AC88-4937-9A54-37B30C2C720A}.Debug|x64.Build.0 = Debug|x64
		{91AA6D21-AC88-4937-9A54-37B30C2C720A}.Release|Win32.ActiveCfg = Release|Win32
		{91AA6D21-AC88-4937-9A54-37B30C2C720A}.Release|Win32.Build.0 = Release|Win32
		{91AA6D21-AC88-4937-9A54-37B30C2C720A}.Release|x64.ActiveCfg = Release|x64
		{91AA6D21-AC88-4937-9A54-37B30C2C720A}.Release|x64.Build.0 = Release|x64
		{398253D6-B2D3-4D4B-B912-1CE61CA412B0}.Debug|Win32.ActiveCfg = Debug|Win32
		{398253D6-B2D3-4D4B-B912-1CE61CA412B0}.Debug|Win32.Build.0 = Debug|Win32
		{398253D6-B2D3-4D4B-B912-1CE61CA412B0}.Debug|x64.ActiveCfg = Debug|x64
		{398253D6-B2D3-4D4B-B912-1CE61CA412B0}.Debug|x64.Build.0 = Debug|x64
		{398253D6-B2D3-4D4B-B912-1CE61CA412B0}.Release|Win32.ActiveCfg = Release|Win32
		{398253D6-B2D3-4D4B-B912-1CE61CA412B0}.Release|Win32.Build.0 = Release|Win32
		{398253D6-B2D3-4D4B-B912-1CE61CA412B0}.Release|x64.ActiveCfg = Release|x64
		{398253D6-B2D3-4D4B-B912-1CE61CA412B0}.Release|x64.Build.0 = Release|x64
		{311F016D-F785-47EF-B032-5350397F16B6}.Debug|Win32.ActiveCfg = Debug|Win32
		{311F016D-F785-47EF-B032-5350397F16B6}.Debug|Win32.Build.0 = Debug|Win32
		{311F016D-F785-47EF-B032-5350397F16B6}.Debug|x64.ActiveCfg = Debug|x64
		{311F016D-F785-47EF-B032-5350397F16B6}.Debug|x64.Build.0 = Debug|x64
		{311F016D-F785-47EF-B032-5350397F16B6}.Release|Win32.ActiveCfg = Release|Win32
		{311F016D-F785-47EF-B032-5350397F16B6}.Release|Win32.Build.0 = Release|Win32
		{311F016D-F785-47EF-B032-5350397F16B6}.Release|x64.ActiveCfg = Release|x64
		{311F016D-F785-47EF-B032-5350397F16B6}.Release|x64.Build.0 = Release|x64
		{C8264691-AFEC-4D27-9E3E-E9DA3D173B73}.Debug|Win32.ActiveCfg = Debug|Win32
		{C8264691-AFEC-4D27-9E3E-E9DA3D173B73}.Debug|Win32.Build.0 = Debug|Win32
		{C8264691-AFEC-4D27-9E3E-E9DA3D173B73}.Debug|x64.ActiveCfg = Debug|x64
		{C8264691-AFEC-4D27-9E3E-E9DA3D173B73}.Debug|x64.Build.0 = Debug|x64
		{C8264691-AFEC-4D27-9E3E-E9DA3D173B73}.Release|Win32.ActiveCfg = Release|Win32
		{C8264691-AFEC-4D27-9E3E-E9DA3D173B73}.Release|Win32.Build.0 = Release|Win32
		{C8264691-AFEC-4D27-9E3E-E9DA3D173B73}.Release|x64.ActiveCfg = Release|x64
		{C8264691-AFEC-4D27-9E3E-E9DA3D173B73}.Release|x64.Build.0 = Release|x64
		{8F1DEA42-6A5B-4B62-839D-C141A7BFACF2}.Debug|Win32.ActiveCfg = Debug|Win32
		{8F1DEA42-6A5B-4B62-839D-C141A7BFACF2}.Debug|Win32.Build.0 = Debug|Win32
		{8F1DEA42-6A5B-4B62-839D-C141A7BFACF2}.Debug|x64.ActiveCfg = Debug|x64
		{8F1DEA42-6A5B-4B62-839D-C141A7BFACF2}.Debug|x64.Build.0 = Debug|x64
		{8F1DEA42-6A5B-4B62-839D-C141A7BFACF2}.Release|Win32.ActiveCfg = Release|Win32
		{8F1DEA42-6A5B-4B62-839D-C141A7BFACF2}.Release|Win32.Build.0 = Release|Win32
		{8F1DEA42-6A5B-4B62-839D-C141A7BFACF2}.Release|x64.ActiveCfg = Release|x64
		{8F1DEA42-6A5B-4B62-839D-C141A7BFACF2}.Release|x64.Build.0 = Release|x64
	EndGlobalSection
	GlobalSection(SolutionProperties) = preSolution
		HideSolutionNode = FALSE
	EndGlobalSection
	GlobalSection(NestedProjects) = preSolution
		{91AA6D21-AC88-4937-9A54-37B30C2C720A} = {84A6A410-2865-4459-B230-5EDB39F6C0BF}
		{398253D6-B2D3-4D4B-B912-1CE61CA412B0} = {84A6A410-2865-4459-B230-5EDB39F6C0BF}
		{311F016D-F785-47EF-B032-5350397F16B6} = {84A6A410-2865-4459-B230-5EDB39F6C0BF}
		{C8264691-AFEC-4D27-9E3E-E9DA3D173B73} = {84A6A410-2865-4459-B230-5EDB39F6C0BF}
		{8F1DEA42-6A5B-4B62-839D-C141A7BFACF2} = {84A6A410-2865-4459-B230-5EDB39F6C0BF}
	EndGlobalSection
	GlobalSection(DPCodeReviewSolutionGUID) = preSolution
		DPCodeReviewSolutionGUID = {00000000-0000-0000-0000-000000000000}
	EndGlobalSection
EndGlobal
